{
  "name": "@doop/prompt",
  "version": "1.0.0",
  "lockfileVersion": 2,
  "requires": true,
  "packages": {
    "": {
      "name": "@doop/prompt",
      "version": "1.0.0",
      "license": "MIT",
      "dependencies": {
        "@doop/dynamic-component": "^1.0.0"
      }
    },
    "../doop-avatar": {
      "name": "@doop/avatar",
      "version": "1.0.0",
      "extraneous": true,
      "license": "MIT",
      "dependencies": {
        "@doop/files": "^1.0.2",
        "jscrypto": "^1.0.3"
      }
    },
    "../doop-clipboard": {
      "name": "@doop/clipboard",
      "version": "1.0.1",
      "extraneous": true,
      "license": "MIT"
    },
    "../doop-code-alloc": {
      "name": "@doop/code-alloc",
      "version": "1.0.1",
      "extraneous": true,
      "license": "MIT",
      "dependencies": {
        "@momsfriendlydevco/mongoosy": "^1.4.1",
        "handlebars": "^4.7.7",
        "lodash": "^4.17.21"
      }
    },
    "../doop-config": {
      "name": "@doop/config",
      "version": "1.0.0",
      "extraneous": true,
      "license": "MIT"
    },
    "../doop-core-vue": {
      "name": "@doop/core-vue",
      "version": "0.0.29",
      "extraneous": true,
      "license": "MIT",
      "dependencies": {
        "babel-loader": "^8.2.2",
        "clean-webpack-plugin": "^4.0.0-alpha.0",
        "css-loader": "^5.2.7",
        "exports-loader": "^3.0.0",
        "file-loader": "^6.2.0",
        "globby": "^11.0.4",
        "lodash": "^4.17.21",
        "lodash-webpack-plugin": "^0.11.6",
        "path-browserify": "^1.0.1",
        "sass": "^1.35.2",
        "sass-loader": "^12.1.0",
        "source-map-loader": "^3.0.0",
        "string-replace-loader": "^3.0.3",
        "vue-loader": "^15.9.8",
        "vue-style-loader": "^4.1.3",
        "vue-template-babel-compiler": "^1.0.8",
        "vue-template-compiler": "^2.6.14",
        "webpack": "^5.65.0",
        "webpack-dev-middleware": "^5.3.1",
        "webpack-hot-middleware": "^2.25.1"
      },
      "engines": {
        "node": ">=14.8.0"
      }
    },
    "../doop-db": {
      "name": "@doop/db",
      "version": "1.0.0",
      "extraneous": true,
      "license": "MIT",
      "dependencies": {
        "@momsfriendlydevco/mongoosy": "^1.4.1",
        "lodash": "^4.17.21"
      }
    },
    "../doop-debug": {
      "name": "@doop/debug",
      "version": "1.0.4",
      "extraneous": true,
      "license": "MIT",
      "dependencies": {
        "@momsfriendlydevco/email": "^2.3.5",
        "debug": "^4.3.3",
        "gulp": "^4.0.2",
        "lodash": "^4.17.21"
      }
    },
    "../doop-deploy": {
      "name": "@doop/deploy",
      "version": "0.0.11",
      "extraneous": true,
      "license": "MIT",
      "dependencies": {
        "@momsfriendlydevco/exec": "^1.5.8",
        "@momsfriendlydevco/template": "^1.1.2",
        "chalk": "^4.1.2",
        "commander": "^8.2.0",
        "commander-extras": "^1.1.6",
        "enquirer": "^2.3.6",
        "globby": "^11.0.4",
        "lodash": "^4.17.21",
        "semver": "^7.3.5"
      },
      "bin": {
        "doop-deploy": "app.js"
      },
      "engines": {
        "node": ">=14.8.0"
      }
    },
    "../doop-digest": {
      "name": "@doop/digest",
      "version": "1.0.1",
      "extraneous": true,
      "license": "MIT"
    },
    "../doop-directive-jump": {
      "name": "@doop/directive-jump",
      "version": "1.1.3",
      "extraneous": true,
      "license": "MIT",
      "dependencies": {
        "@doop/debug": "^1.0.4"
      }
    },
    "../doop-dirty-checker": {
      "name": "@doop/dirty-checker",
      "version": "1.0.0",
      "extraneous": true,
      "license": "MIT"
    },
    "../doop-docs": {
      "name": "@doop/docs",
      "version": "0.0.3",
      "extraneous": true,
      "license": "MIT",
      "dependencies": {
        "globby": "^11.0.3",
        "lodash": "^4.17.21",
        "pluralize": "^8.0.0",
        "shins": "^2.6.0",
        "widdershins": "git+https://github.com/MomsFriendlyDevCo/widdershins.git#feat-multiresponse"
      }
    },
    "../doop-drag-drop": {
      "name": "@doop/drag-drop",
      "version": "1.0.1",
      "extraneous": true,
      "license": "MIT"
    },
    "../doop-emit": {
      "name": "@doop/emit",
      "version": "1.0.0",
      "extraneous": true,
      "license": "MIT"
    },
    "../doop-eval": {
      "name": "@doop/eval",
      "version": "1.0.1",
      "extraneous": true,
      "license": "MIT",
      "dependencies": {
        "@doop/debug": "^1.0.4"
      }
    },
    "../doop-files": {
      "name": "@doop/files",
      "version": "1.0.4",
      "extraneous": true,
      "license": "MIT",
      "dependencies": {
        "@doop/debug": "^1.0.4",
        "lodash": "^4.17.21",
        "multer": "^1.4.4",
        "os": "^0.1.2"
      }
    },
    "../doop-git": {
      "name": "@doop/git",
      "version": "1.0.3",
      "extraneous": true,
      "license": "MIT",
      "dependencies": {
        "@momsfriendlydevco/exec": "^1.5.8",
        "@momsfriendlydevco/gulpy": "^1.4.3",
        "child_process": "^1.0.2",
        "debug": "^4.3.3",
        "fs": "^0.0.1-security",
        "hashed-release-name": "^1.0.1",
        "lodash": "^4.17.21"
      }
    },
    "../doop-http": {
      "name": "@doop/http",
      "version": "1.0.1",
      "extraneous": true,
      "license": "MIT",
      "dependencies": {
        "axios": "^0.26.0"
      }
    },
    "../doop-lifecycle": {
      "name": "@doop/lifecycle",
      "version": "1.0.0",
      "extraneous": true,
      "license": "MIT"
    },
    "../doop-loader": {
      "name": "@doop/loader",
      "version": "1.0.0",
      "extraneous": true,
      "license": "MIT"
    },
    "../doop-locking": {
      "name": "@doop/locking",
      "version": "1.0.3",
      "extraneous": true,
      "license": "MIT",
      "dependencies": {
        "@doop/debug": "^1.0.4",
        "@momsfriendlydevco/gulpy": "^1.4.3",
        "@momsfriendlydevco/lock": "^1.2.16",
        "debug": "^4.3.3",
        "lodash": "^4.17.21",
        "vue": "^2.6.14"
      }
    },
    "../doop-lodash": {
      "name": "@doop/lodash",
      "version": "1.0.0",
      "extraneous": true,
      "license": "MIT",
      "dependencies": {
        "lodash": "^4.17.21"
      }
    },
    "../doop-log-change": {
      "name": "@doop/log-change",
      "version": "1.0.0",
      "extraneous": true,
      "license": "MIT"
    },
    "../doop-oid": {
      "name": "@doop/oid",
      "version": "1.0.0",
      "extraneous": true,
      "license": "MIT"
    },
    "../doop-permissions": {
      "name": "@doop/permissions",
      "version": "1.0.2",
      "extraneous": true,
      "license": "MIT",
      "dependencies": {
        "@doop/debug": "^1.0.4",
        "lodash": "^4.17.21",
        "sift": "^15.1.3"
      }
    },
    "../doop-polyfills": {
      "name": "@doop/polyfills",
      "version": "1.0.1",
      "extraneous": true,
      "license": "MIT",
      "dependencies": {
        "chalk": "^4.1.0",
        "dumper.js": "^1.3.1"
      }
    },
    "../doop-pub-sub": {
      "name": "@doop/pub-sub",
      "version": "1.0.0",
      "extraneous": true,
      "license": "MIT"
    },
    "../doop-replace": {
      "name": "@doop/replace",
      "version": "1.0.0",
      "extraneous": true,
      "license": "MIT",
      "dependencies": {
        "lodash": "^4.17.21"
      }
    },
    "../doop-router": {
      "name": "@doop/router",
      "version": "1.0.0",
      "extraneous": true,
      "license": "MIT"
    },
    "../doop-screen": {
      "name": "@doop/screen",
      "version": "1.0.0",
      "extraneous": true,
      "license": "MIT"
    },
    "../doop-search": {
      "name": "@doop/search",
      "version": "1.0.16",
      "extraneous": true,
      "license": "MIT",
      "dependencies": {
        "@doop/debug": "^1.0.4",
        "@momsfriendlydevco/gulpy": "^1.4.3",
        "debug": "^4.3.3",
        "jquery": "^3.5.1",
        "lodash": "^4.17.21",
        "moment": "^2.29.1",
        "multirange": "^2.0.0",
        "string-split-by": "^1.0.0",
        "vue": "^2.6.14",
        "vue-input-facade": "^2.0.0",
        "vue-select": "^3.18.3",
        "vuejs-datepicker": "^1.6.2"
      },
      "peerDependencies": {
        "@doop/dynamic-component": "^1.0.0"
      }
    },
    "../doop-service-components": {
      "name": "@doop/service-components",
      "version": "1.1.0",
      "extraneous": true,
      "license": "MIT"
    },
    "../doop-slack": {
      "name": "@doop/slack",
      "version": "1.0.0",
      "extraneous": true,
      "license": "MIT",
      "dependencies": {
        "@momsfriendlydevco/gulpy": "^1.4.3",
        "@slack/web-api": "^6.5.1",
        "debug": "^4.3.3"
      }
    },
    "../doop-throttle": {
      "name": "@doop/throttle",
      "version": "1.0.1",
      "extraneous": true,
      "license": "MIT",
      "dependencies": {
        "@momsfriendlydevco/express-middleware-throttle": "^0.0.4",
        "@momsfriendlydevco/throttle": "^0.0.6"
      }
    },
    "../doop-timeout": {
      "name": "@doop/timeout",
      "version": "1.0.1",
      "extraneous": true,
      "license": "MIT"
    },
    "../doop-timestamps": {
      "name": "@doop/timestamps",
      "version": "1.0.0",
      "extraneous": true,
      "license": "MIT",
      "dependencies": {
        "lodash": "^4.17.21"
      }
    },
    "../doop-transitions": {
      "name": "@doop/transitions",
      "version": "1.0.0",
      "extraneous": true,
      "license": "MIT"
    },
    "../doop-validate": {
      "name": "@doop/validate",
      "version": "1.1.0",
      "extraneous": true,
      "license": "MIT"
    },
    "../doop-watch-all": {
      "name": "@doop/watch-all",
      "version": "1.0.0",
      "extraneous": true,
      "license": "MIT"
    },
    "node_modules/@doop/dynamic-component": {
      "version": "1.0.0",
      "resolved": "https://registry.npmjs.org/@doop/dynamic-component/-/dynamic-component-1.0.0.tgz",
      "integrity": "sha512-tqKKF7ZWrCbZZHwbj0j4nW/JtA8N/0m8VruTlgXJ753dMMgzErMhLNWjXnPdC0uDs0P/sfha2N395ME8Z6aRiQ=="
    }
  },
  "dependencies": {
    "@doop/dynamic-component": {
      "version": "1.0.0",
      "resolved": "https://registry.npmjs.org/@doop/dynamic-component/-/dynamic-component-1.0.0.tgz",
      "integrity": "sha512-tqKKF7ZWrCbZZHwbj0j4nW/JtA8N/0m8VruTlgXJ753dMMgzErMhLNWjXnPdC0uDs0P/sfha2N395ME8Z6aRiQ=="
    }
  }
}
